<?xml version="1.0" encoding="utf-8"?>
<Project ToolsVersion="4.0" xmlns="http://schemas.microsoft.com/developer/msbuild/2003">
  <ItemGroup>
    <Filter Include="소스 파일">
      <UniqueIdentifier>{4FC737F1-C7A5-4376-A066-2A32D752A2FF}</UniqueIdentifier>
      <Extensions>cpp;c;cc;cxx;c++;cppm;ixx;def;odl;idl;hpj;bat;asm;asmx</Extensions>
    </Filter>
    <Filter Include="헤더 파일">
      <UniqueIdentifier>{93995380-89BD-4b04-88EB-625FBE52EBFB}</UniqueIdentifier>
      <Extensions>h;hh;hpp;hxx;h++;hm;inl;inc;ipp;xsd</Extensions>
    </Filter>
    <Filter Include="리소스 파일">
      <UniqueIdentifier>{67DA6AB6-F800-4c08-8B7A-83BB121AAD01}</UniqueIdentifier>
      <Extensions>rc;ico;cur;bmp;dlg;rc2;rct;bin;rgs;gif;jpg;jpeg;jpe;resx;tiff;tif;png;wav;mfcribbon-ms</Extensions>
    </Filter>
    <Filter Include="헤더 파일\RenderPass">
      <UniqueIdentifier>{57c9b225-655d-4e02-86ae-c2211a8069bd}</UniqueIdentifier>
    </Filter>
    <Filter Include="헤더 파일\D3D">
      <UniqueIdentifier>{3ba05905-f6f9-4cba-9dff-5ca7c5a3d617}</UniqueIdentifier>
    </Filter>
  </ItemGroup>
  <ItemGroup>
    <ClInclude Include="RenderType.h">
      <Filter>헤더 파일</Filter>
    </ClInclude>
    <ClInclude Include="IRenderSystem.h">
      <Filter>헤더 파일</Filter>
    </ClInclude>
    <ClInclude Include="CommonShaderConstant.h">
      <Filter>헤더 파일</Filter>
    </ClInclude>
    <ClInclude Include="MaterialType.h">
      <Filter>헤더 파일</Filter>
    </ClInclude>
    <ClInclude Include="D3DMaterialManager.h">
      <Filter>헤더 파일\D3D</Filter>
    </ClInclude>
    <ClInclude Include="D3DRenderChannelSystem.h">
      <Filter>헤더 파일\D3D</Filter>
    </ClInclude>
    <ClInclude Include="D3DOpaqueRenderPass.h">
      <Filter>헤더 파일\D3D</Filter>
    </ClInclude>
    <ClInclude Include="D3DRenderSystem.h">
      <Filter>헤더 파일\D3D</Filter>
    </ClInclude>
    <ClInclude Include="D3DRenderType.h">
      <Filter>헤더 파일\D3D</Filter>
    </ClInclude>
    <ClInclude Include="D3DWindowRenderData.h">
      <Filter>헤더 파일\D3D</Filter>
    </ClInclude>
    <ClInclude Include="D3DWindowRenderManager.h">
      <Filter>헤더 파일\D3D</Filter>
    </ClInclude>
    <ClInclude Include="ID3DRenderPass.h">
      <Filter>헤더 파일\D3D</Filter>
    </ClInclude>
    <ClInclude Include="D3DRenderPassManager.h">
      <Filter>헤더 파일\D3D</Filter>
    </ClInclude>
    <ClInclude Include="RenderSystemInternalHelper.h">
      <Filter>헤더 파일</Filter>
    </ClInclude>
    <ClInclude Include="IMaterialManager.h">
      <Filter>헤더 파일</Filter>
    </ClInclude>
    <ClInclude Include="D3DShaderReflectSystem.h">
      <Filter>헤더 파일\D3D</Filter>
    </ClInclude>
    <ClInclude Include="RenderSystemDllMacro.h">
      <Filter>헤더 파일</Filter>
    </ClInclude>
  </ItemGroup>
  <ItemGroup>
    <ClCompile Include="pch.cpp">
      <Filter>소스 파일</Filter>
    </ClCompile>
    <ClCompile Include="IRenderSystem.cpp">
      <Filter>소스 파일</Filter>
    </ClCompile>
    <ClCompile Include="D3DRenderType.cpp">
      <Filter>소스 파일</Filter>
    </ClCompile>
    <ClCompile Include="D3DWindowRenderManager.cpp">
      <Filter>소스 파일</Filter>
    </ClCompile>
    <ClCompile Include="D3DOpaqueRenderPass.cpp">
      <Filter>소스 파일</Filter>
    </ClCompile>
    <ClCompile Include="ID3DRenderPass.cpp">
      <Filter>소스 파일</Filter>
    </ClCompile>
    <ClCompile Include="D3DWindowRenderData.cpp">
      <Filter>소스 파일</Filter>
    </ClCompile>
    <ClCompile Include="D3DRenderChannelSystem.cpp">
      <Filter>소스 파일</Filter>
    </ClCompile>
    <ClCompile Include="D3DRenderSystem.cpp">
      <Filter>소스 파일</Filter>
    </ClCompile>
    <ClCompile Include="D3DMaterialManager.cpp">
      <Filter>소스 파일</Filter>
    </ClCompile>
    <ClCompile Include="D3DRenderPassManager.cpp">
      <Filter>소스 파일</Filter>
    </ClCompile>
    <ClCompile Include="RenderSystemInternalHelper.cpp">
      <Filter>소스 파일</Filter>
    </ClCompile>
    <ClCompile Include="IMaterialManager.cpp">
      <Filter>소스 파일</Filter>
    </ClCompile>
    <ClCompile Include="D3DShaderReflectSystem.cpp">
      <Filter>소스 파일</Filter>
    </ClCompile>
  </ItemGroup>
</Project>