<?xml version="1.0" encoding="utf-8"?>
<Project ToolsVersion="4.0" xmlns="http://schemas.microsoft.com/developer/msbuild/2003">
  <ItemGroup>
    <Filter Include="소스 파일">
      <UniqueIdentifier>{4FC737F1-C7A5-4376-A066-2A32D752A2FF}</UniqueIdentifier>
      <Extensions>cpp;c;cc;cxx;c++;cppm;ixx;def;odl;idl;hpj;bat;asm;asmx</Extensions>
    </Filter>
    <Filter Include="헤더 파일">
      <UniqueIdentifier>{93995380-89BD-4b04-88EB-625FBE52EBFB}</UniqueIdentifier>
      <Extensions>h;hh;hpp;hxx;h++;hm;inl;inc;ipp;xsd</Extensions>
    </Filter>
    <Filter Include="리소스 파일">
      <UniqueIdentifier>{67DA6AB6-F800-4c08-8B7A-83BB121AAD01}</UniqueIdentifier>
      <Extensions>rc;ico;cur;bmp;dlg;rc2;rct;bin;rgs;gif;jpg;jpeg;jpe;resx;tiff;tif;png;wav;mfcribbon-ms</Extensions>
    </Filter>
    <Filter Include="헤더 파일\Storer">
      <UniqueIdentifier>{a858cb04-530e-4b91-8f2d-5b43ddd2078e}</UniqueIdentifier>
    </Filter>
    <Filter Include="헤더 파일\Loader">
      <UniqueIdentifier>{268a532f-5697-45a0-b906-83092a389370}</UniqueIdentifier>
    </Filter>
  </ItemGroup>
  <ItemGroup>
    <ClInclude Include="framework.h">
      <Filter>헤더 파일</Filter>
    </ClInclude>
    <ClInclude Include="pch.h">
      <Filter>헤더 파일</Filter>
    </ClInclude>
    <ClInclude Include="Asset.h">
      <Filter>헤더 파일</Filter>
    </ClInclude>
    <ClInclude Include="Texture.h">
      <Filter>헤더 파일</Filter>
    </ClInclude>
    <ClInclude Include="TextureManager.h">
      <Filter>헤더 파일</Filter>
    </ClInclude>
    <ClInclude Include="AssetType.h">
      <Filter>헤더 파일</Filter>
    </ClInclude>
    <ClInclude Include="AssetIDTable.h">
      <Filter>헤더 파일</Filter>
    </ClInclude>
    <ClInclude Include="AssetIDGenerator.h">
      <Filter>헤더 파일</Filter>
    </ClInclude>
    <ClInclude Include="AssetPtr.h">
      <Filter>헤더 파일</Filter>
    </ClInclude>
    <ClInclude Include="CoreAssetDLLMacro.h">
      <Filter>헤더 파일</Filter>
    </ClInclude>
    <ClInclude Include="AssetMetaDataManager.h">
      <Filter>헤더 파일</Filter>
    </ClInclude>
    <ClInclude Include="AssetMetaDataType.h">
      <Filter>헤더 파일</Filter>
    </ClInclude>
    <ClInclude Include="AssetCommon.h">
      <Filter>헤더 파일</Filter>
    </ClInclude>
    <ClInclude Include="TextureStorer.h">
      <Filter>헤더 파일\Storer</Filter>
    </ClInclude>
    <ClInclude Include="BaseAssetStorer.h">
      <Filter>헤더 파일\Storer</Filter>
    </ClInclude>
    <ClInclude Include="SerializedAssetType.h">
      <Filter>헤더 파일</Filter>
    </ClInclude>
    <ClInclude Include="AssetLoader.h">
      <Filter>헤더 파일\Loader</Filter>
    </ClInclude>
    <ClInclude Include="TextureLoader.h">
      <Filter>헤더 파일\Loader</Filter>
    </ClInclude>
    <ClInclude Include="Material.h">
      <Filter>헤더 파일</Filter>
    </ClInclude>
    <ClInclude Include="MaterialManager.h">
      <Filter>헤더 파일</Filter>
    </ClInclude>
    <ClInclude Include="GlobalAssetRegistrySystem.h">
      <Filter>헤더 파일</Filter>
    </ClInclude>
    <ClInclude Include="MaterialStorer.h">
      <Filter>헤더 파일\Storer</Filter>
    </ClInclude>
    <ClInclude Include="MaterialLoader.h">
      <Filter>헤더 파일\Loader</Filter>
    </ClInclude>
    <ClInclude Include="UIMaterialManager.h">
      <Filter>헤더 파일</Filter>
    </ClInclude>
  </ItemGroup>
  <ItemGroup>
    <ClCompile Include="pch.cpp">
      <Filter>소스 파일</Filter>
    </ClCompile>
    <ClCompile Include="Asset.cpp">
      <Filter>소스 파일</Filter>
    </ClCompile>
    <ClCompile Include="Texture.cpp">
      <Filter>소스 파일</Filter>
    </ClCompile>
    <ClCompile Include="TextureManager.cpp">
      <Filter>소스 파일</Filter>
    </ClCompile>
    <ClCompile Include="AssetIDTable.cpp">
      <Filter>소스 파일</Filter>
    </ClCompile>
    <ClCompile Include="AssetIDGenerator.cpp">
      <Filter>소스 파일</Filter>
    </ClCompile>
    <ClCompile Include="AssetPtr.cpp">
      <Filter>소스 파일</Filter>
    </ClCompile>
    <ClCompile Include="AssetMetaDataManager.cpp">
      <Filter>소스 파일</Filter>
    </ClCompile>
    <ClCompile Include="TextureStorer.cpp">
      <Filter>소스 파일</Filter>
    </ClCompile>
    <ClCompile Include="BaseAssetStorer.cpp">
      <Filter>소스 파일</Filter>
    </ClCompile>
    <ClCompile Include="AssetCommon.cpp">
      <Filter>소스 파일</Filter>
    </ClCompile>
    <ClCompile Include="AssetMetaDataType.cpp">
      <Filter>소스 파일</Filter>
    </ClCompile>
    <ClCompile Include="SerializedAssetType.cpp">
      <Filter>소스 파일</Filter>
    </ClCompile>
    <ClCompile Include="AssetLoader.cpp">
      <Filter>소스 파일</Filter>
    </ClCompile>
    <ClCompile Include="TextureLoader.cpp">
      <Filter>소스 파일</Filter>
    </ClCompile>
    <ClCompile Include="Material.cpp">
      <Filter>소스 파일</Filter>
    </ClCompile>
    <ClCompile Include="MaterialManager.cpp">
      <Filter>소스 파일</Filter>
    </ClCompile>
    <ClCompile Include="GlobalAssetRegistrySystem.cpp">
      <Filter>소스 파일</Filter>
    </ClCompile>
    <ClCompile Include="MaterialStorer.cpp">
      <Filter>소스 파일</Filter>
    </ClCompile>
    <ClCompile Include="MaterialLoader.cpp">
      <Filter>소스 파일</Filter>
    </ClCompile>
    <ClCompile Include="UIMaterialManager.cpp">
      <Filter>소스 파일</Filter>
    </ClCompile>
  </ItemGroup>
</Project>