<?xml version="1.0" encoding="utf-8"?>
<Project ToolsVersion="4.0" xmlns="http://schemas.microsoft.com/developer/msbuild/2003">
  <ItemGroup>
    <Filter Include="소스 파일">
      <UniqueIdentifier>{4FC737F1-C7A5-4376-A066-2A32D752A2FF}</UniqueIdentifier>
      <Extensions>cpp;c;cc;cxx;c++;cppm;ixx;def;odl;idl;hpj;bat;asm;asmx</Extensions>
    </Filter>
    <Filter Include="헤더 파일">
      <UniqueIdentifier>{93995380-89BD-4b04-88EB-625FBE52EBFB}</UniqueIdentifier>
      <Extensions>h;hh;hpp;hxx;h++;hm;inl;inc;ipp;xsd</Extensions>
    </Filter>
    <Filter Include="리소스 파일">
      <UniqueIdentifier>{67DA6AB6-F800-4c08-8B7A-83BB121AAD01}</UniqueIdentifier>
      <Extensions>rc;ico;cur;bmp;dlg;rc2;rct;bin;rgs;gif;jpg;jpeg;jpe;resx;tiff;tif;png;wav;mfcribbon-ms</Extensions>
    </Filter>
    <Filter Include="모듈">
      <UniqueIdentifier>{9aa4e75f-633c-4b64-8f85-992ede8051ec}</UniqueIdentifier>
    </Filter>
    <Filter Include="헤더 파일\엔티티">
      <UniqueIdentifier>{c5e16cb1-ef5e-40b9-8e5c-98ecc2cc736b}</UniqueIdentifier>
    </Filter>
    <Filter Include="헤더 파일\EditorImporter">
      <UniqueIdentifier>{118de5aa-8e07-407f-97b8-ffcb0516551f}</UniqueIdentifier>
    </Filter>
    <Filter Include="헤더 파일\SystemInitializer">
      <UniqueIdentifier>{015d6d77-a549-4ed2-9c04-7e59843c9e82}</UniqueIdentifier>
    </Filter>
  </ItemGroup>
  <ItemGroup>
    <ClCompile Include="EditorDirector.cpp">
      <Filter>소스 파일</Filter>
    </ClCompile>
    <ClCompile Include="SuperController.cpp">
      <Filter>소스 파일</Filter>
    </ClCompile>
    <ClCompile Include="SuperFrameController.cpp">
      <Filter>소스 파일</Filter>
    </ClCompile>
    <ClCompile Include="SuperAssetBrowerController.cpp">
      <Filter>소스 파일</Filter>
    </ClCompile>
    <ClCompile Include="EditorTextureImporter.cpp">
      <Filter>소스 파일</Filter>
    </ClCompile>
    <ClCompile Include="SerializedAssetContainer.cpp">
      <Filter>소스 파일</Filter>
    </ClCompile>
    <ClCompile Include="EditorProjectInitializer.cpp">
      <Filter>소스 파일</Filter>
    </ClCompile>
    <ClCompile Include="EditorShaderImporter.cpp">
      <Filter>소스 파일</Filter>
    </ClCompile>
  </ItemGroup>
  <ItemGroup>
    <ClInclude Include="..\Include\EditorDirector\EditorDirector.h">
      <Filter>헤더 파일</Filter>
    </ClInclude>
    <ClInclude Include="SuperFrameController.h">
      <Filter>헤더 파일</Filter>
    </ClInclude>
    <ClInclude Include="SuperAssetBrowerController.h">
      <Filter>헤더 파일</Filter>
    </ClInclude>
    <ClInclude Include="SuperController.h">
      <Filter>헤더 파일</Filter>
    </ClInclude>
    <ClInclude Include="..\Include\EditorDirector\EditorTextureImporter.h">
      <Filter>헤더 파일\EditorImporter</Filter>
    </ClInclude>
    <ClInclude Include="SerializedAssetContainer.h">
      <Filter>헤더 파일</Filter>
    </ClInclude>
    <ClInclude Include="EditorProjectInitializer.h">
      <Filter>헤더 파일\SystemInitializer</Filter>
    </ClInclude>
    <ClInclude Include="EditorShaderImporter.h">
      <Filter>헤더 파일\EditorImporter</Filter>
    </ClInclude>
  </ItemGroup>
  <ItemGroup>
    <None Include="cpp.hint" />
  </ItemGroup>
</Project>