
Microsoft Visual Studio Solution File, Format Version 12.00
# Visual Studio Version 17
VisualStudioVersion = 17.12.35527.113
MinimumVisualStudioVersion = 10.0.40219.1
Project("{8BC9CEB8-8B4A-11D0-8D11-00A0C91BC942}") = "Core", "Core\Core.vcxproj", "{A6BE0B8B-9F22-4618-B39C-AC1F6C062943}"
	ProjectSection(ProjectDependencies) = postProject
		{153013BB-ABAE-441F-B090-A0FAF42FF6C2} = {153013BB-ABAE-441F-B090-A0FAF42FF6C2}
		{3FE2D3D8-3E19-4C10-B83E-D0788F65D833} = {3FE2D3D8-3E19-4C10-B83E-D0788F65D833}
		{63682721-ABCF-4BAB-8D82-3AD1C577A6F7} = {63682721-ABCF-4BAB-8D82-3AD1C577A6F7}
		{9DE55F97-ECDE-4A95-8A7F-5E0672931E7F} = {9DE55F97-ECDE-4A95-8A7F-5E0672931E7F}
		{C91B548D-B416-49F1-9324-D9B5D9B47EFC} = {C91B548D-B416-49F1-9324-D9B5D9B47EFC}
		{E8205DC8-FFAF-4A89-A96F-9391BA2CA143} = {E8205DC8-FFAF-4A89-A96F-9391BA2CA143}
	EndProjectSection
EndProject
Project("{8BC9CEB8-8B4A-11D0-8D11-00A0C91BC942}") = "EditorDirector", "EditorDirector\EditorDirector.vcxproj", "{E86A4CF7-C67F-4DDA-B7FC-FE07177E87A4}"
	ProjectSection(ProjectDependencies) = postProject
		{153013BB-ABAE-441F-B090-A0FAF42FF6C2} = {153013BB-ABAE-441F-B090-A0FAF42FF6C2}
		{200BAAA8-EB4E-4770-82AA-A78EFA7E250F} = {200BAAA8-EB4E-4770-82AA-A78EFA7E250F}
		{2C1CCE0F-F169-49CB-909D-96B3BD27FA96} = {2C1CCE0F-F169-49CB-909D-96B3BD27FA96}
		{3EFF7519-DA07-48DE-9207-C02BA71A9762} = {3EFF7519-DA07-48DE-9207-C02BA71A9762}
		{3FE2D3D8-3E19-4C10-B83E-D0788F65D833} = {3FE2D3D8-3E19-4C10-B83E-D0788F65D833}
		{6284960A-EE4D-48A8-95E8-038EFDF3933A} = {6284960A-EE4D-48A8-95E8-038EFDF3933A}
		{63682721-ABCF-4BAB-8D82-3AD1C577A6F7} = {63682721-ABCF-4BAB-8D82-3AD1C577A6F7}
		{9DE55F97-ECDE-4A95-8A7F-5E0672931E7F} = {9DE55F97-ECDE-4A95-8A7F-5E0672931E7F}
		{9EA3B220-7753-4AF6-9FCB-44FC8305F36B} = {9EA3B220-7753-4AF6-9FCB-44FC8305F36B}
		{A0A6686E-879D-44AB-942D-3A7546189772} = {A0A6686E-879D-44AB-942D-3A7546189772}
		{A6BE0B8B-9F22-4618-B39C-AC1F6C062943} = {A6BE0B8B-9F22-4618-B39C-AC1F6C062943}
		{C91B548D-B416-49F1-9324-D9B5D9B47EFC} = {C91B548D-B416-49F1-9324-D9B5D9B47EFC}
		{E8205DC8-FFAF-4A89-A96F-9391BA2CA143} = {E8205DC8-FFAF-4A89-A96F-9391BA2CA143}
		{EC18690C-FFD5-481C-98CF-48821DED4A7E} = {EC18690C-FFD5-481C-98CF-48821DED4A7E}
		{FE7666B0-E16B-468F-A111-35D9FCA0201D} = {FE7666B0-E16B-468F-A111-35D9FCA0201D}
	EndProjectSection
EndProject
Project("{8BC9CEB8-8B4A-11D0-8D11-00A0C91BC942}") = "Window", "Window\Window.vcxproj", "{200BAAA8-EB4E-4770-82AA-A78EFA7E250F}"
	ProjectSection(ProjectDependencies) = postProject
		{C91B548D-B416-49F1-9324-D9B5D9B47EFC} = {C91B548D-B416-49F1-9324-D9B5D9B47EFC}
	EndProjectSection
EndProject
Project("{8BC9CEB8-8B4A-11D0-8D11-00A0C91BC942}") = "D3DGpuResourceManager", "D3DGpuResourceManager\D3DGpuResourceManager.vcxproj", "{153013BB-ABAE-441F-B090-A0FAF42FF6C2}"
	ProjectSection(ProjectDependencies) = postProject
		{C91B548D-B416-49F1-9324-D9B5D9B47EFC} = {C91B548D-B416-49F1-9324-D9B5D9B47EFC}
	EndProjectSection
EndProject
Project("{8BC9CEB8-8B4A-11D0-8D11-00A0C91BC942}") = "RenderSystem", "RenderSystem\RenderSystem.vcxproj", "{9DE55F97-ECDE-4A95-8A7F-5E0672931E7F}"
	ProjectSection(ProjectDependencies) = postProject
		{153013BB-ABAE-441F-B090-A0FAF42FF6C2} = {153013BB-ABAE-441F-B090-A0FAF42FF6C2}
		{2C1CCE0F-F169-49CB-909D-96B3BD27FA96} = {2C1CCE0F-F169-49CB-909D-96B3BD27FA96}
		{C91B548D-B416-49F1-9324-D9B5D9B47EFC} = {C91B548D-B416-49F1-9324-D9B5D9B47EFC}
	EndProjectSection
EndProject
Project("{8BC9CEB8-8B4A-11D0-8D11-00A0C91BC942}") = "CoreMath", "CoreMath\CoreMath.vcxproj", "{63682721-ABCF-4BAB-8D82-3AD1C577A6F7}"
EndProject
Project("{8BC9CEB8-8B4A-11D0-8D11-00A0C91BC942}") = "SystemInitializer", "SystemInitializer\SystemInitializer.vcxproj", "{3FE2D3D8-3E19-4C10-B83E-D0788F65D833}"
	ProjectSection(ProjectDependencies) = postProject
		{153013BB-ABAE-441F-B090-A0FAF42FF6C2} = {153013BB-ABAE-441F-B090-A0FAF42FF6C2}
		{9DE55F97-ECDE-4A95-8A7F-5E0672931E7F} = {9DE55F97-ECDE-4A95-8A7F-5E0672931E7F}
		{C91B548D-B416-49F1-9324-D9B5D9B47EFC} = {C91B548D-B416-49F1-9324-D9B5D9B47EFC}
		{E8205DC8-FFAF-4A89-A96F-9391BA2CA143} = {E8205DC8-FFAF-4A89-A96F-9391BA2CA143}
	EndProjectSection
EndProject
Project("{8BC9CEB8-8B4A-11D0-8D11-00A0C91BC942}") = "UiSystem", "UiSystem\UiSystem.vcxproj", "{FE7666B0-E16B-468F-A111-35D9FCA0201D}"
EndProject
Project("{8BC9CEB8-8B4A-11D0-8D11-00A0C91BC942}") = "ImportModule", "ImportModule\ImportModule.vcxproj", "{EC18690C-FFD5-481C-98CF-48821DED4A7E}"
	ProjectSection(ProjectDependencies) = postProject
		{2C1CCE0F-F169-49CB-909D-96B3BD27FA96} = {2C1CCE0F-F169-49CB-909D-96B3BD27FA96}
		{C91B548D-B416-49F1-9324-D9B5D9B47EFC} = {C91B548D-B416-49F1-9324-D9B5D9B47EFC}
		{E8205DC8-FFAF-4A89-A96F-9391BA2CA143} = {E8205DC8-FFAF-4A89-A96F-9391BA2CA143}
	EndProjectSection
EndProject
Project("{8BC9CEB8-8B4A-11D0-8D11-00A0C91BC942}") = "CoreAsset", "CoreAsset\CoreAsset.vcxproj", "{E8205DC8-FFAF-4A89-A96F-9391BA2CA143}"
	ProjectSection(ProjectDependencies) = postProject
		{153013BB-ABAE-441F-B090-A0FAF42FF6C2} = {153013BB-ABAE-441F-B090-A0FAF42FF6C2}
		{2C1CCE0F-F169-49CB-909D-96B3BD27FA96} = {2C1CCE0F-F169-49CB-909D-96B3BD27FA96}
		{A0A6686E-879D-44AB-942D-3A7546189772} = {A0A6686E-879D-44AB-942D-3A7546189772}
		{C91B548D-B416-49F1-9324-D9B5D9B47EFC} = {C91B548D-B416-49F1-9324-D9B5D9B47EFC}
	EndProjectSection
EndProject
Project("{2150E333-8FDC-42A3-9474-1A3956D46DE8}") = "솔루션 항목", "솔루션 항목", "{2A3A057F-5D22-31FD-628C-DF5EF75AEF1E}"
EndProject
Project("{8BC9CEB8-8B4A-11D0-8D11-00A0C91BC942}") = "Utility", "Utility\Utility.vcxproj", "{2C1CCE0F-F169-49CB-909D-96B3BD27FA96}"
	ProjectSection(ProjectDependencies) = postProject
		{C91B548D-B416-49F1-9324-D9B5D9B47EFC} = {C91B548D-B416-49F1-9324-D9B5D9B47EFC}
	EndProjectSection
EndProject
Project("{8BC9CEB8-8B4A-11D0-8D11-00A0C91BC942}") = "LogicalFileSystem", "LogicalFileSystem\LogicalFileSystem.vcxproj", "{9EA3B220-7753-4AF6-9FCB-44FC8305F36B}"
	ProjectSection(ProjectDependencies) = postProject
		{6284960A-EE4D-48A8-95E8-038EFDF3933A} = {6284960A-EE4D-48A8-95E8-038EFDF3933A}
	EndProjectSection
EndProject
Project("{8BC9CEB8-8B4A-11D0-8D11-00A0C91BC942}") = "BinaryReaderWriter", "BinaryReaderWriter\BinaryReaderWriter.vcxproj", "{A0A6686E-879D-44AB-942D-3A7546189772}"
	ProjectSection(ProjectDependencies) = postProject
		{6284960A-EE4D-48A8-95E8-038EFDF3933A} = {6284960A-EE4D-48A8-95E8-038EFDF3933A}
		{C91B548D-B416-49F1-9324-D9B5D9B47EFC} = {C91B548D-B416-49F1-9324-D9B5D9B47EFC}
	EndProjectSection
EndProject
Project("{8BC9CEB8-8B4A-11D0-8D11-00A0C91BC942}") = "PhysicalFileSystem", "PhysicalFileSystem\PhysicalFileSystem.vcxproj", "{6284960A-EE4D-48A8-95E8-038EFDF3933A}"
	ProjectSection(ProjectDependencies) = postProject
		{2C1CCE0F-F169-49CB-909D-96B3BD27FA96} = {2C1CCE0F-F169-49CB-909D-96B3BD27FA96}
		{C91B548D-B416-49F1-9324-D9B5D9B47EFC} = {C91B548D-B416-49F1-9324-D9B5D9B47EFC}
	EndProjectSection
EndProject
Project("{8BC9CEB8-8B4A-11D0-8D11-00A0C91BC942}") = "ProjectSelectApp", "ProjectSelectApp\ProjectSelectApp.vcxproj", "{6CEB2DDA-DCE6-4C05-9B4D-A7F3FCA20828}"
	ProjectSection(ProjectDependencies) = postProject
		{3EFF7519-DA07-48DE-9207-C02BA71A9762} = {3EFF7519-DA07-48DE-9207-C02BA71A9762}
	EndProjectSection
EndProject
Project("{8BC9CEB8-8B4A-11D0-8D11-00A0C91BC942}") = "JsonParserWrapping", "JsonParserWrapping\JsonParserWrapping.vcxproj", "{3EFF7519-DA07-48DE-9207-C02BA71A9762}"
	ProjectSection(ProjectDependencies) = postProject
		{C91B548D-B416-49F1-9324-D9B5D9B47EFC} = {C91B548D-B416-49F1-9324-D9B5D9B47EFC}
	EndProjectSection
EndProject
Project("{8BC9CEB8-8B4A-11D0-8D11-00A0C91BC942}") = "Logger", "Logger\Logger.vcxproj", "{C91B548D-B416-49F1-9324-D9B5D9B47EFC}"
EndProject
Global
	GlobalSection(SolutionConfigurationPlatforms) = preSolution
		Debug|x64 = Debug|x64
		Debug|x86 = Debug|x86
		Release|x64 = Release|x64
		Release|x86 = Release|x86
	EndGlobalSection
	GlobalSection(ProjectConfigurationPlatforms) = postSolution
		{A6BE0B8B-9F22-4618-B39C-AC1F6C062943}.Debug|x64.ActiveCfg = Debug|x64
		{A6BE0B8B-9F22-4618-B39C-AC1F6C062943}.Debug|x64.Build.0 = Debug|x64
		{A6BE0B8B-9F22-4618-B39C-AC1F6C062943}.Debug|x86.ActiveCfg = Debug|Win32
		{A6BE0B8B-9F22-4618-B39C-AC1F6C062943}.Debug|x86.Build.0 = Debug|Win32
		{A6BE0B8B-9F22-4618-B39C-AC1F6C062943}.Release|x64.ActiveCfg = Release|x64
		{A6BE0B8B-9F22-4618-B39C-AC1F6C062943}.Release|x64.Build.0 = Release|x64
		{A6BE0B8B-9F22-4618-B39C-AC1F6C062943}.Release|x86.ActiveCfg = Release|Win32
		{A6BE0B8B-9F22-4618-B39C-AC1F6C062943}.Release|x86.Build.0 = Release|Win32
		{E86A4CF7-C67F-4DDA-B7FC-FE07177E87A4}.Debug|x64.ActiveCfg = Debug|x64
		{E86A4CF7-C67F-4DDA-B7FC-FE07177E87A4}.Debug|x64.Build.0 = Debug|x64
		{E86A4CF7-C67F-4DDA-B7FC-FE07177E87A4}.Debug|x86.ActiveCfg = Debug|Win32
		{E86A4CF7-C67F-4DDA-B7FC-FE07177E87A4}.Debug|x86.Build.0 = Debug|Win32
		{E86A4CF7-C67F-4DDA-B7FC-FE07177E87A4}.Release|x64.ActiveCfg = Release|x64
		{E86A4CF7-C67F-4DDA-B7FC-FE07177E87A4}.Release|x64.Build.0 = Release|x64
		{E86A4CF7-C67F-4DDA-B7FC-FE07177E87A4}.Release|x86.ActiveCfg = Release|Win32
		{E86A4CF7-C67F-4DDA-B7FC-FE07177E87A4}.Release|x86.Build.0 = Release|Win32
		{200BAAA8-EB4E-4770-82AA-A78EFA7E250F}.Debug|x64.ActiveCfg = Debug|x64
		{200BAAA8-EB4E-4770-82AA-A78EFA7E250F}.Debug|x64.Build.0 = Debug|x64
		{200BAAA8-EB4E-4770-82AA-A78EFA7E250F}.Debug|x86.ActiveCfg = Debug|Win32
		{200BAAA8-EB4E-4770-82AA-A78EFA7E250F}.Debug|x86.Build.0 = Debug|Win32
		{200BAAA8-EB4E-4770-82AA-A78EFA7E250F}.Release|x64.ActiveCfg = Release|x64
		{200BAAA8-EB4E-4770-82AA-A78EFA7E250F}.Release|x64.Build.0 = Release|x64
		{200BAAA8-EB4E-4770-82AA-A78EFA7E250F}.Release|x86.ActiveCfg = Release|Win32
		{200BAAA8-EB4E-4770-82AA-A78EFA7E250F}.Release|x86.Build.0 = Release|Win32
		{153013BB-ABAE-441F-B090-A0FAF42FF6C2}.Debug|x64.ActiveCfg = Debug|x64
		{153013BB-ABAE-441F-B090-A0FAF42FF6C2}.Debug|x64.Build.0 = Debug|x64
		{153013BB-ABAE-441F-B090-A0FAF42FF6C2}.Debug|x86.ActiveCfg = Debug|Win32
		{153013BB-ABAE-441F-B090-A0FAF42FF6C2}.Debug|x86.Build.0 = Debug|Win32
		{153013BB-ABAE-441F-B090-A0FAF42FF6C2}.Release|x64.ActiveCfg = Release|x64
		{153013BB-ABAE-441F-B090-A0FAF42FF6C2}.Release|x64.Build.0 = Release|x64
		{153013BB-ABAE-441F-B090-A0FAF42FF6C2}.Release|x86.ActiveCfg = Release|Win32
		{153013BB-ABAE-441F-B090-A0FAF42FF6C2}.Release|x86.Build.0 = Release|Win32
		{9DE55F97-ECDE-4A95-8A7F-5E0672931E7F}.Debug|x64.ActiveCfg = Debug|x64
		{9DE55F97-ECDE-4A95-8A7F-5E0672931E7F}.Debug|x64.Build.0 = Debug|x64
		{9DE55F97-ECDE-4A95-8A7F-5E0672931E7F}.Debug|x86.ActiveCfg = Debug|Win32
		{9DE55F97-ECDE-4A95-8A7F-5E0672931E7F}.Debug|x86.Build.0 = Debug|Win32
		{9DE55F97-ECDE-4A95-8A7F-5E0672931E7F}.Release|x64.ActiveCfg = Release|x64
		{9DE55F97-ECDE-4A95-8A7F-5E0672931E7F}.Release|x64.Build.0 = Release|x64
		{9DE55F97-ECDE-4A95-8A7F-5E0672931E7F}.Release|x86.ActiveCfg = Release|Win32
		{9DE55F97-ECDE-4A95-8A7F-5E0672931E7F}.Release|x86.Build.0 = Release|Win32
		{63682721-ABCF-4BAB-8D82-3AD1C577A6F7}.Debug|x64.ActiveCfg = Debug|x64
		{63682721-ABCF-4BAB-8D82-3AD1C577A6F7}.Debug|x64.Build.0 = Debug|x64
		{63682721-ABCF-4BAB-8D82-3AD1C577A6F7}.Debug|x86.ActiveCfg = Debug|Win32
		{63682721-ABCF-4BAB-8D82-3AD1C577A6F7}.Debug|x86.Build.0 = Debug|Win32
		{63682721-ABCF-4BAB-8D82-3AD1C577A6F7}.Release|x64.ActiveCfg = Release|x64
		{63682721-ABCF-4BAB-8D82-3AD1C577A6F7}.Release|x64.Build.0 = Release|x64
		{63682721-ABCF-4BAB-8D82-3AD1C577A6F7}.Release|x86.ActiveCfg = Release|Win32
		{63682721-ABCF-4BAB-8D82-3AD1C577A6F7}.Release|x86.Build.0 = Release|Win32
		{3FE2D3D8-3E19-4C10-B83E-D0788F65D833}.Debug|x64.ActiveCfg = Debug|x64
		{3FE2D3D8-3E19-4C10-B83E-D0788F65D833}.Debug|x64.Build.0 = Debug|x64
		{3FE2D3D8-3E19-4C10-B83E-D0788F65D833}.Debug|x86.ActiveCfg = Debug|Win32
		{3FE2D3D8-3E19-4C10-B83E-D0788F65D833}.Debug|x86.Build.0 = Debug|Win32
		{3FE2D3D8-3E19-4C10-B83E-D0788F65D833}.Release|x64.ActiveCfg = Release|x64
		{3FE2D3D8-3E19-4C10-B83E-D0788F65D833}.Release|x64.Build.0 = Release|x64
		{3FE2D3D8-3E19-4C10-B83E-D0788F65D833}.Release|x86.ActiveCfg = Release|Win32
		{3FE2D3D8-3E19-4C10-B83E-D0788F65D833}.Release|x86.Build.0 = Release|Win32
		{FE7666B0-E16B-468F-A111-35D9FCA0201D}.Debug|x64.ActiveCfg = Debug|x64
		{FE7666B0-E16B-468F-A111-35D9FCA0201D}.Debug|x64.Build.0 = Debug|x64
		{FE7666B0-E16B-468F-A111-35D9FCA0201D}.Debug|x86.ActiveCfg = Debug|Win32
		{FE7666B0-E16B-468F-A111-35D9FCA0201D}.Debug|x86.Build.0 = Debug|Win32
		{FE7666B0-E16B-468F-A111-35D9FCA0201D}.Release|x64.ActiveCfg = Release|x64
		{FE7666B0-E16B-468F-A111-35D9FCA0201D}.Release|x64.Build.0 = Release|x64
		{FE7666B0-E16B-468F-A111-35D9FCA0201D}.Release|x86.ActiveCfg = Release|Win32
		{FE7666B0-E16B-468F-A111-35D9FCA0201D}.Release|x86.Build.0 = Release|Win32
		{EC18690C-FFD5-481C-98CF-48821DED4A7E}.Debug|x64.ActiveCfg = Debug|x64
		{EC18690C-FFD5-481C-98CF-48821DED4A7E}.Debug|x64.Build.0 = Debug|x64
		{EC18690C-FFD5-481C-98CF-48821DED4A7E}.Debug|x86.ActiveCfg = Debug|Win32
		{EC18690C-FFD5-481C-98CF-48821DED4A7E}.Debug|x86.Build.0 = Debug|Win32
		{EC18690C-FFD5-481C-98CF-48821DED4A7E}.Release|x64.ActiveCfg = Release|x64
		{EC18690C-FFD5-481C-98CF-48821DED4A7E}.Release|x64.Build.0 = Release|x64
		{EC18690C-FFD5-481C-98CF-48821DED4A7E}.Release|x86.ActiveCfg = Release|Win32
		{EC18690C-FFD5-481C-98CF-48821DED4A7E}.Release|x86.Build.0 = Release|Win32
		{E8205DC8-FFAF-4A89-A96F-9391BA2CA143}.Debug|x64.ActiveCfg = Debug|x64
		{E8205DC8-FFAF-4A89-A96F-9391BA2CA143}.Debug|x64.Build.0 = Debug|x64
		{E8205DC8-FFAF-4A89-A96F-9391BA2CA143}.Debug|x86.ActiveCfg = Debug|Win32
		{E8205DC8-FFAF-4A89-A96F-9391BA2CA143}.Debug|x86.Build.0 = Debug|Win32
		{E8205DC8-FFAF-4A89-A96F-9391BA2CA143}.Release|x64.ActiveCfg = Release|x64
		{E8205DC8-FFAF-4A89-A96F-9391BA2CA143}.Release|x64.Build.0 = Release|x64
		{E8205DC8-FFAF-4A89-A96F-9391BA2CA143}.Release|x86.ActiveCfg = Release|Win32
		{E8205DC8-FFAF-4A89-A96F-9391BA2CA143}.Release|x86.Build.0 = Release|Win32
		{2C1CCE0F-F169-49CB-909D-96B3BD27FA96}.Debug|x64.ActiveCfg = Debug|x64
		{2C1CCE0F-F169-49CB-909D-96B3BD27FA96}.Debug|x64.Build.0 = Debug|x64
		{2C1CCE0F-F169-49CB-909D-96B3BD27FA96}.Debug|x86.ActiveCfg = Debug|Win32
		{2C1CCE0F-F169-49CB-909D-96B3BD27FA96}.Debug|x86.Build.0 = Debug|Win32
		{2C1CCE0F-F169-49CB-909D-96B3BD27FA96}.Release|x64.ActiveCfg = Release|x64
		{2C1CCE0F-F169-49CB-909D-96B3BD27FA96}.Release|x64.Build.0 = Release|x64
		{2C1CCE0F-F169-49CB-909D-96B3BD27FA96}.Release|x86.ActiveCfg = Release|Win32
		{2C1CCE0F-F169-49CB-909D-96B3BD27FA96}.Release|x86.Build.0 = Release|Win32
		{9EA3B220-7753-4AF6-9FCB-44FC8305F36B}.Debug|x64.ActiveCfg = Debug|x64
		{9EA3B220-7753-4AF6-9FCB-44FC8305F36B}.Debug|x64.Build.0 = Debug|x64
		{9EA3B220-7753-4AF6-9FCB-44FC8305F36B}.Debug|x86.ActiveCfg = Debug|Win32
		{9EA3B220-7753-4AF6-9FCB-44FC8305F36B}.Debug|x86.Build.0 = Debug|Win32
		{9EA3B220-7753-4AF6-9FCB-44FC8305F36B}.Release|x64.ActiveCfg = Release|x64
		{9EA3B220-7753-4AF6-9FCB-44FC8305F36B}.Release|x64.Build.0 = Release|x64
		{9EA3B220-7753-4AF6-9FCB-44FC8305F36B}.Release|x86.ActiveCfg = Release|Win32
		{9EA3B220-7753-4AF6-9FCB-44FC8305F36B}.Release|x86.Build.0 = Release|Win32
		{A0A6686E-879D-44AB-942D-3A7546189772}.Debug|x64.ActiveCfg = Debug|x64
		{A0A6686E-879D-44AB-942D-3A7546189772}.Debug|x64.Build.0 = Debug|x64
		{A0A6686E-879D-44AB-942D-3A7546189772}.Debug|x86.ActiveCfg = Debug|Win32
		{A0A6686E-879D-44AB-942D-3A7546189772}.Debug|x86.Build.0 = Debug|Win32
		{A0A6686E-879D-44AB-942D-3A7546189772}.Release|x64.ActiveCfg = Release|x64
		{A0A6686E-879D-44AB-942D-3A7546189772}.Release|x64.Build.0 = Release|x64
		{A0A6686E-879D-44AB-942D-3A7546189772}.Release|x86.ActiveCfg = Release|Win32
		{A0A6686E-879D-44AB-942D-3A7546189772}.Release|x86.Build.0 = Release|Win32
		{6284960A-EE4D-48A8-95E8-038EFDF3933A}.Debug|x64.ActiveCfg = Debug|x64
		{6284960A-EE4D-48A8-95E8-038EFDF3933A}.Debug|x64.Build.0 = Debug|x64
		{6284960A-EE4D-48A8-95E8-038EFDF3933A}.Debug|x86.ActiveCfg = Debug|Win32
		{6284960A-EE4D-48A8-95E8-038EFDF3933A}.Debug|x86.Build.0 = Debug|Win32
		{6284960A-EE4D-48A8-95E8-038EFDF3933A}.Release|x64.ActiveCfg = Release|x64
		{6284960A-EE4D-48A8-95E8-038EFDF3933A}.Release|x64.Build.0 = Release|x64
		{6284960A-EE4D-48A8-95E8-038EFDF3933A}.Release|x86.ActiveCfg = Release|Win32
		{6284960A-EE4D-48A8-95E8-038EFDF3933A}.Release|x86.Build.0 = Release|Win32
		{6CEB2DDA-DCE6-4C05-9B4D-A7F3FCA20828}.Debug|x64.ActiveCfg = Debug|x64
		{6CEB2DDA-DCE6-4C05-9B4D-A7F3FCA20828}.Debug|x64.Build.0 = Debug|x64
		{6CEB2DDA-DCE6-4C05-9B4D-A7F3FCA20828}.Debug|x86.ActiveCfg = Debug|Win32
		{6CEB2DDA-DCE6-4C05-9B4D-A7F3FCA20828}.Debug|x86.Build.0 = Debug|Win32
		{6CEB2DDA-DCE6-4C05-9B4D-A7F3FCA20828}.Release|x64.ActiveCfg = Release|x64
		{6CEB2DDA-DCE6-4C05-9B4D-A7F3FCA20828}.Release|x64.Build.0 = Release|x64
		{6CEB2DDA-DCE6-4C05-9B4D-A7F3FCA20828}.Release|x86.ActiveCfg = Release|Win32
		{6CEB2DDA-DCE6-4C05-9B4D-A7F3FCA20828}.Release|x86.Build.0 = Release|Win32
		{3EFF7519-DA07-48DE-9207-C02BA71A9762}.Debug|x64.ActiveCfg = Debug|x64
		{3EFF7519-DA07-48DE-9207-C02BA71A9762}.Debug|x64.Build.0 = Debug|x64
		{3EFF7519-DA07-48DE-9207-C02BA71A9762}.Debug|x86.ActiveCfg = Debug|Win32
		{3EFF7519-DA07-48DE-9207-C02BA71A9762}.Debug|x86.Build.0 = Debug|Win32
		{3EFF7519-DA07-48DE-9207-C02BA71A9762}.Release|x64.ActiveCfg = Release|x64
		{3EFF7519-DA07-48DE-9207-C02BA71A9762}.Release|x64.Build.0 = Release|x64
		{3EFF7519-DA07-48DE-9207-C02BA71A9762}.Release|x86.ActiveCfg = Release|Win32
		{3EFF7519-DA07-48DE-9207-C02BA71A9762}.Release|x86.Build.0 = Release|Win32
		{C91B548D-B416-49F1-9324-D9B5D9B47EFC}.Debug|x64.ActiveCfg = Debug|x64
		{C91B548D-B416-49F1-9324-D9B5D9B47EFC}.Debug|x64.Build.0 = Debug|x64
		{C91B548D-B416-49F1-9324-D9B5D9B47EFC}.Debug|x86.ActiveCfg = Debug|Win32
		{C91B548D-B416-49F1-9324-D9B5D9B47EFC}.Debug|x86.Build.0 = Debug|Win32
		{C91B548D-B416-49F1-9324-D9B5D9B47EFC}.Release|x64.ActiveCfg = Release|x64
		{C91B548D-B416-49F1-9324-D9B5D9B47EFC}.Release|x64.Build.0 = Release|x64
		{C91B548D-B416-49F1-9324-D9B5D9B47EFC}.Release|x86.ActiveCfg = Release|Win32
		{C91B548D-B416-49F1-9324-D9B5D9B47EFC}.Release|x86.Build.0 = Release|Win32
	EndGlobalSection
	GlobalSection(SolutionProperties) = preSolution
		HideSolutionNode = FALSE
	EndGlobalSection
	GlobalSection(ExtensibilityGlobals) = postSolution
		SolutionGuid = {664583E9-0CE9-49CF-BFE4-45210C519706}
	EndGlobalSection
EndGlobal
