<?xml version="1.0" encoding="utf-8"?>
<Project ToolsVersion="4.0" xmlns="http://schemas.microsoft.com/developer/msbuild/2003">
  <ItemGroup>
    <Filter Include="헤더 파일">
      <UniqueIdentifier>{93995380-89BD-4b04-88EB-625FBE52EBFB}</UniqueIdentifier>
      <Extensions>h;hh;hpp;hxx;h++;hm;inl;inc;ipp;xsd</Extensions>
    </Filter>
    <Filter Include="리소스 파일">
      <UniqueIdentifier>{67DA6AB6-F800-4c08-8B7A-83BB121AAD01}</UniqueIdentifier>
      <Extensions>rc;ico;cur;bmp;dlg;rc2;rct;bin;rgs;gif;jpg;jpeg;jpe;resx;tiff;tif;png;wav;mfcribbon-ms</Extensions>
    </Filter>
    <Filter Include="소스 파일">
      <UniqueIdentifier>{4FC737F1-C7A5-4376-A066-2A32D752A2FF}</UniqueIdentifier>
      <Extensions>cpp;c;cc;cxx;c++;cppm;ixx;def;odl;idl;hpj;bat;asm;asmx</Extensions>
    </Filter>
  </ItemGroup>
  <ItemGroup>
    <ClInclude Include="framework.h">
      <Filter>헤더 파일</Filter>
    </ClInclude>
    <ClInclude Include="pch.h">
      <Filter>헤더 파일</Filter>
    </ClInclude>
    <ClInclude Include="..\Include\Core\CoreDllExport.h">
      <Filter>헤더 파일</Filter>
    </ClInclude>
    <ClInclude Include="..\Include\Asset\Asset.h">
      <Filter>헤더 파일</Filter>
    </ClInclude>
    <ClInclude Include="..\Include\Asset\Material\Material.h">
      <Filter>헤더 파일</Filter>
    </ClInclude>
    <ClInclude Include="..\Include\Asset\Material\ModelMaterial\ModelMaterial.h">
      <Filter>헤더 파일</Filter>
    </ClInclude>
    <ClInclude Include="..\Include\Asset\Mesh\Mesh.h">
      <Filter>헤더 파일</Filter>
    </ClInclude>
    <ClInclude Include="..\Include\Asset\Mesh\MeshType.h">
      <Filter>헤더 파일</Filter>
    </ClInclude>
    <ClInclude Include="..\Include\Asset\Mesh\SkinningMesh.h">
      <Filter>헤더 파일</Filter>
    </ClInclude>
    <ClInclude Include="..\Include\Asset\Mesh\StaticMesh.h">
      <Filter>헤더 파일</Filter>
    </ClInclude>
    <ClInclude Include="..\Include\Object\StateComponent.h">
      <Filter>헤더 파일</Filter>
    </ClInclude>
    <ClInclude Include="..\Include\Object\Macro.h">
      <Filter>헤더 파일</Filter>
    </ClInclude>
    <ClInclude Include="..\Include\Object\Object.h">
      <Filter>헤더 파일</Filter>
    </ClInclude>
    <ClInclude Include="..\Include\Object\ObjectSmartPointer.h">
      <Filter>헤더 파일</Filter>
    </ClInclude>
    <ClInclude Include="..\Include\Object\ObjectType.h">
      <Filter>헤더 파일</Filter>
    </ClInclude>
    <ClInclude Include="..\Include\ObjectFactory\BaseObjectFactory.h">
      <Filter>헤더 파일</Filter>
    </ClInclude>
    <ClInclude Include="..\Include\ObjectFactory\ObjectFactory.h">
      <Filter>헤더 파일</Filter>
    </ClInclude>
    <ClInclude Include="..\Include\ObjectFactory\RuntimeObjectFactory.h">
      <Filter>헤더 파일</Filter>
    </ClInclude>
    <ClInclude Include="..\Include\ObjectManager\BaseObjectManager.h">
      <Filter>헤더 파일</Filter>
    </ClInclude>
    <ClInclude Include="..\Include\ObjectManager\EditGameObjectManager.h">
      <Filter>헤더 파일</Filter>
    </ClInclude>
    <ClInclude Include="..\Include\ObjectManager\ObjectManager.h">
      <Filter>헤더 파일</Filter>
    </ClInclude>
    <ClInclude Include="..\Include\ObjectManager\RuntimeGameObjectManager.h">
      <Filter>헤더 파일</Filter>
    </ClInclude>
    <ClInclude Include="..\Include\ObjectManager\RuntimeObjectManager.h">
      <Filter>헤더 파일</Filter>
    </ClInclude>
    <ClInclude Include="..\Include\ResourceFactory\TextureFactory\TextureFactory.h">
      <Filter>헤더 파일</Filter>
    </ClInclude>
    <ClInclude Include="..\Include\ResourceManager\MaterialManager\MaterialManager.h">
      <Filter>헤더 파일</Filter>
    </ClInclude>
    <ClInclude Include="..\Include\ResourceManager\TextureManager\TextureManager.h">
      <Filter>헤더 파일</Filter>
    </ClInclude>
    <ClInclude Include="..\Include\ResourceSmartPointer\IAssetSmartPointer.h">
      <Filter>헤더 파일</Filter>
    </ClInclude>
    <ClInclude Include="..\Include\ResourceSmartPointer\MaterialSmartPointer.h">
      <Filter>헤더 파일</Filter>
    </ClInclude>
    <ClInclude Include="..\Include\ResourceSmartPointer\MeshSmartPointer.h">
      <Filter>헤더 파일</Filter>
    </ClInclude>
    <ClInclude Include="..\Include\ResourceSmartPointer\TextureSmartPointer.h">
      <Filter>헤더 파일</Filter>
    </ClInclude>
    <ClInclude Include="..\Include\Map\Map.h">
      <Filter>헤더 파일</Filter>
    </ClInclude>
    <ClInclude Include="..\Include\Map\SceneGraph.h">
      <Filter>헤더 파일</Filter>
    </ClInclude>
    <ClInclude Include="..\Include\Asset\Material\LineBaseMaterial.h">
      <Filter>헤더 파일</Filter>
    </ClInclude>
    <ClInclude Include="..\Include\Object\Light\Light.h">
      <Filter>헤더 파일</Filter>
    </ClInclude>
    <ClInclude Include="..\Include\Object\Line\Line.h">
      <Filter>헤더 파일</Filter>
    </ClInclude>
    <ClInclude Include="..\Include\Object\Line\LineBase.h">
      <Filter>헤더 파일</Filter>
    </ClInclude>
    <ClInclude Include="..\Include\ObjectFactory\LineFactory.h">
      <Filter>헤더 파일</Filter>
    </ClInclude>
    <ClInclude Include="..\Include\Object\RegisterObjectHelper.h">
      <Filter>헤더 파일</Filter>
    </ClInclude>
    <ClInclude Include="..\Include\Object\Camera\Camera.h">
      <Filter>헤더 파일</Filter>
    </ClInclude>
    <ClInclude Include="..\Include\Object\Camera\CameraHelper.h">
      <Filter>헤더 파일</Filter>
    </ClInclude>
    <ClInclude Include="..\Include\Object\Camera\FrustumCamera.h">
      <Filter>헤더 파일</Filter>
    </ClInclude>
    <ClInclude Include="..\Include\Object\Camera\OrthogoanlCamera.h">
      <Filter>헤더 파일</Filter>
    </ClInclude>
    <ClInclude Include="..\Include\Core\System.h">
      <Filter>헤더 파일</Filter>
    </ClInclude>
    <ClInclude Include="..\Include\Core\EventDispatcher.h">
      <Filter>헤더 파일</Filter>
    </ClInclude>
    <ClInclude Include="..\Include\Core\SelectEvent.h">
      <Filter>헤더 파일</Filter>
    </ClInclude>
    <ClInclude Include="..\Include\Core\Event.h">
      <Filter>헤더 파일</Filter>
    </ClInclude>
    <ClInclude Include="..\Include\Core\KeyEvent.h">
      <Filter>헤더 파일</Filter>
    </ClInclude>
    <ClInclude Include="..\Include\Core\MouseInOutEvent.h">
      <Filter>헤더 파일</Filter>
    </ClInclude>
    <ClInclude Include="..\Include\Core\SystemState.h">
      <Filter>헤더 파일</Filter>
    </ClInclude>
    <ClInclude Include="..\Include\Core\Ray.h">
      <Filter>헤더 파일</Filter>
    </ClInclude>
    <ClInclude Include="..\Include\Event\EventTable.h">
      <Filter>헤더 파일</Filter>
    </ClInclude>
    <ClInclude Include="..\Include\Core\KeyBoard.h">
      <Filter>헤더 파일</Filter>
    </ClInclude>
    <ClInclude Include="..\Include\Core\Mouse.h">
      <Filter>헤더 파일</Filter>
    </ClInclude>
    <ClInclude Include="..\Include\Core\MouseClickState.h">
      <Filter>헤더 파일</Filter>
    </ClInclude>
    <ClInclude Include="..\Include\Core\MouseClickSelectEvent.h">
      <Filter>헤더 파일</Filter>
    </ClInclude>
    <ClInclude Include="..\Include\Core\MouseEvent.h">
      <Filter>헤더 파일</Filter>
    </ClInclude>
    <ClInclude Include="..\Include\Core\ObjectBinnedAllocator.h">
      <Filter>헤더 파일</Filter>
    </ClInclude>
    <ClInclude Include="..\Include\Core\BaseComponent.h">
      <Filter>헤더 파일</Filter>
    </ClInclude>
    <ClInclude Include="..\Include\Core\WindowResizeEvent.h">
      <Filter>헤더 파일</Filter>
    </ClInclude>
    <ClInclude Include="..\Include\ResourceManager\MeshManager.h">
      <Filter>헤더 파일</Filter>
    </ClInclude>
    <ClInclude Include="..\Include\Core\Controller.h">
      <Filter>헤더 파일</Filter>
    </ClInclude>
    <ClInclude Include="..\Include\Core\MeshComponent.h">
      <Filter>헤더 파일</Filter>
    </ClInclude>
    <ClInclude Include="..\Include\Core\PointLightCollider.h">
      <Filter>헤더 파일</Filter>
    </ClInclude>
    <ClInclude Include="..\Include\Core\SceneElement.h">
      <Filter>헤더 파일</Filter>
    </ClInclude>
    <ClInclude Include="..\Include\Core\Transform.h">
      <Filter>헤더 파일</Filter>
    </ClInclude>
    <ClInclude Include="..\Include\Object\Line\Grid.h">
      <Filter>헤더 파일</Filter>
    </ClInclude>
    <ClInclude Include="..\Include\Core\Application.h">
      <Filter>헤더 파일</Filter>
    </ClInclude>
    <ClInclude Include="..\Include\Core\IProgramDirector.h">
      <Filter>헤더 파일</Filter>
    </ClInclude>
    <ClInclude Include="..\Include\Core\GraphicCommand.h">
      <Filter>헤더 파일</Filter>
    </ClInclude>
    <ClInclude Include="..\Include\Core\RenderPassSystem.h">
      <Filter>헤더 파일</Filter>
    </ClInclude>
    <ClInclude Include="..\Include\Core\RenderSystem.h">
      <Filter>헤더 파일</Filter>
    </ClInclude>
    <ClInclude Include="..\Include\Core\MapManager.h">
      <Filter>헤더 파일</Filter>
    </ClInclude>
    <ClInclude Include="..\Include\Core\MapMetaData.h">
      <Filter>헤더 파일</Filter>
    </ClInclude>
    <ClInclude Include="..\Include\Core\VectorSpace.h">
      <Filter>헤더 파일</Filter>
    </ClInclude>
    <ClInclude Include="..\Include\Core\SpacePartitioningStructureFactory.h">
      <Filter>헤더 파일</Filter>
    </ClInclude>
    <ClInclude Include="..\Include\Core\SpacePartitioningStructure.h">
      <Filter>헤더 파일</Filter>
    </ClInclude>
    <ClInclude Include="..\Include\Core\GameTimer.h">
      <Filter>헤더 파일</Filter>
    </ClInclude>
    <ClInclude Include="..\Include\Core\ResourceStorer.h">
      <Filter>헤더 파일</Filter>
    </ClInclude>
    <ClInclude Include="..\Include\Core\ResourceController.h">
      <Filter>헤더 파일</Filter>
    </ClInclude>
    <ClInclude Include="..\Include\Core\ResourceLoader.h">
      <Filter>헤더 파일</Filter>
    </ClInclude>
    <ClInclude Include="..\Include\Core\MapController.h">
      <Filter>헤더 파일</Filter>
    </ClInclude>
    <ClInclude Include="..\Include\Core\TextBox.h">
      <Filter>헤더 파일</Filter>
    </ClInclude>
    <ClInclude Include="..\Include\Core\TextCharacterEntity.h">
      <Filter>헤더 파일</Filter>
    </ClInclude>
    <ClInclude Include="..\Include\Core\TextCharacterPanelEntity.h">
      <Filter>헤더 파일</Filter>
    </ClInclude>
    <ClInclude Include="..\Include\Core\TextCursorEntity.h">
      <Filter>헤더 파일</Filter>
    </ClInclude>
    <ClInclude Include="..\Include\Core\TextureLoader.h">
      <Filter>헤더 파일</Filter>
    </ClInclude>
    <ClInclude Include="..\Include\ObjectFactory\TextFactory.h">
      <Filter>헤더 파일</Filter>
    </ClInclude>
    <ClInclude Include="..\Include\Core\AnimationKeyFrame.h">
      <Filter>헤더 파일</Filter>
    </ClInclude>
    <ClInclude Include="..\Include\ResourceManager\AnimationClipManager.h">
      <Filter>헤더 파일</Filter>
    </ClInclude>
    <ClInclude Include="..\Include\Core\AnimationClipSplitter.h">
      <Filter>헤더 파일</Filter>
    </ClInclude>
    <ClInclude Include="..\Include\Asset\Skeleton\Skeleton.h">
      <Filter>헤더 파일</Filter>
    </ClInclude>
    <ClInclude Include="..\Include\ResourceManager\SkeletonManager.h">
      <Filter>헤더 파일</Filter>
    </ClInclude>
    <ClInclude Include="..\Include\Core\MaterialGenerator.h">
      <Filter>헤더 파일</Filter>
    </ClInclude>
    <ClInclude Include="..\Include\Core\ModelBaseComponent.h">
      <Filter>헤더 파일</Filter>
    </ClInclude>
    <ClInclude Include="..\Include\Core\PassData.h">
      <Filter>헤더 파일</Filter>
    </ClInclude>
    <ClInclude Include="..\Include\Core\QuadTree.h">
      <Filter>헤더 파일</Filter>
    </ClInclude>
    <ClInclude Include="..\Include\Core\RawResourceType.h">
      <Filter>헤더 파일</Filter>
    </ClInclude>
    <ClInclude Include="..\Include\Core\RenderPass.h">
      <Filter>헤더 파일</Filter>
    </ClInclude>
    <ClInclude Include="..\Include\Core\ResourceImportCommonHeader.h">
      <Filter>헤더 파일</Filter>
    </ClInclude>
    <ClInclude Include="..\Include\Core\RootSignature.h">
      <Filter>헤더 파일</Filter>
    </ClInclude>
    <ClInclude Include="..\Include\Core\SceneNode.h">
      <Filter>헤더 파일</Filter>
    </ClInclude>
    <ClInclude Include="..\Include\Core\SchemaLoader.h">
      <Filter>헤더 파일</Filter>
    </ClInclude>
    <ClInclude Include="..\Include\Core\Shader.h">
      <Filter>헤더 파일</Filter>
    </ClInclude>
    <ClInclude Include="..\Include\Core\ShaderManager.h">
      <Filter>헤더 파일</Filter>
    </ClInclude>
    <ClInclude Include="..\Include\Core\State.h">
      <Filter>헤더 파일</Filter>
    </ClInclude>
    <ClInclude Include="..\Include\Core\StructuredBufferFactory.h">
      <Filter>헤더 파일</Filter>
    </ClInclude>
    <ClInclude Include="..\Include\Core\SystemSelectState.h">
      <Filter>헤더 파일</Filter>
    </ClInclude>
    <ClInclude Include="..\Include\Core\WICTextureLoader12.h">
      <Filter>헤더 파일</Filter>
    </ClInclude>
    <ClInclude Include="..\Include\Core\WindowRequestEvent.h">
      <Filter>헤더 파일</Filter>
    </ClInclude>
    <ClInclude Include="..\Include\Core\CustomWindowMessage.h">
      <Filter>헤더 파일</Filter>
    </ClInclude>
    <ClInclude Include="..\Include\Core\DeleteTextureEvent.h">
      <Filter>헤더 파일</Filter>
    </ClInclude>
    <ClInclude Include="..\Include\Core\EffectLoader.h">
      <Filter>헤더 파일</Filter>
    </ClInclude>
    <ClInclude Include="..\Include\Core\EffectTable.h">
      <Filter>헤더 파일</Filter>
    </ClInclude>
    <ClInclude Include="..\Include\Core\EffectUtility.h">
      <Filter>헤더 파일</Filter>
    </ClInclude>
    <ClInclude Include="..\Include\Core\Font.h">
      <Filter>헤더 파일</Filter>
    </ClInclude>
    <ClInclude Include="..\Include\Core\GraphicPipeLine.h">
      <Filter>헤더 파일</Filter>
    </ClInclude>
    <ClInclude Include="..\Include\Core\InputLayoutTable.h">
      <Filter>헤더 파일</Filter>
    </ClInclude>
    <ClInclude Include="..\Include\Core\InstancingTable.h">
      <Filter>헤더 파일</Filter>
    </ClInclude>
    <ClInclude Include="..\Include\Core\InstancingTableType.h">
      <Filter>헤더 파일</Filter>
    </ClInclude>
    <ClInclude Include="..\Include\Core\ComponentIDGenerator.h">
      <Filter>헤더 파일</Filter>
    </ClInclude>
    <ClInclude Include="..\Include\Core\PanelUiEntity.h">
      <Filter>헤더 파일</Filter>
    </ClInclude>
    <ClInclude Include="..\Include\Object\UiEntity.h">
      <Filter>헤더 파일</Filter>
    </ClInclude>
    <ClInclude Include="GameMapSystem.h">
      <Filter>헤더 파일</Filter>
    </ClInclude>
    <ClInclude Include="..\Include\Core\BaseWindow.h">
      <Filter>헤더 파일</Filter>
    </ClInclude>
    <ClInclude Include="..\Include\Core\BaseWindowController.h">
      <Filter>헤더 파일</Filter>
    </ClInclude>
    <ClInclude Include="..\Include\Core\WindowActiveEvent.h">
      <Filter>헤더 파일</Filter>
    </ClInclude>
    <ClInclude Include="..\Include\Core\DDSTextureLoader12.h">
      <Filter>헤더 파일</Filter>
    </ClInclude>
    <ClInclude Include="..\Include\Collision\BoxCollider.h">
      <Filter>헤더 파일</Filter>
    </ClInclude>
    <ClInclude Include="..\Include\Collision\CameraBoxCollider.h">
      <Filter>헤더 파일</Filter>
    </ClInclude>
    <ClInclude Include="..\Include\Collision\CameraFrustumCollider.h">
      <Filter>헤더 파일</Filter>
    </ClInclude>
    <ClInclude Include="..\Include\Collision\Collider.h">
      <Filter>헤더 파일</Filter>
    </ClInclude>
    <ClInclude Include="..\Include\Collision\ColliderGenerator.h">
      <Filter>헤더 파일</Filter>
    </ClInclude>
    <ClInclude Include="..\Include\Collision\CollisionHelper.h">
      <Filter>헤더 파일</Filter>
    </ClInclude>
    <ClInclude Include="..\Include\Collision\CollisionWorld.h">
      <Filter>헤더 파일</Filter>
    </ClInclude>
    <ClInclude Include="..\Include\Collision\FrustumCollider.h">
      <Filter>헤더 파일</Filter>
    </ClInclude>
    <ClInclude Include="..\Include\Collision\OrientedCollider.h">
      <Filter>헤더 파일</Filter>
    </ClInclude>
    <ClInclude Include="..\Include\Collision\PointLightCollider.h">
      <Filter>헤더 파일</Filter>
    </ClInclude>
    <ClInclude Include="..\Include\Collision\SphereCollider.h">
      <Filter>헤더 파일</Filter>
    </ClInclude>
    <ClInclude Include="..\Include\Shader\ShaderResourceConstantBuffer.h">
      <Filter>헤더 파일</Filter>
    </ClInclude>
    <ClInclude Include="..\Include\Shader\ShaderResourceSampler.h">
      <Filter>헤더 파일</Filter>
    </ClInclude>
    <ClInclude Include="..\Include\Shader\ShaderResourceTexture.h">
      <Filter>헤더 파일</Filter>
    </ClInclude>
    <ClInclude Include="..\Include\Shader\ShaderResourceType.h">
      <Filter>헤더 파일</Filter>
    </ClInclude>
    <ClInclude Include="..\Include\Shader\ShaderResource.h">
      <Filter>헤더 파일</Filter>
    </ClInclude>
    <ClInclude Include="..\Include\Asset\Animation\AnimationClip.h">
      <Filter>헤더 파일</Filter>
    </ClInclude>
    <ClInclude Include="..\Include\Object\Entity.h">
      <Filter>헤더 파일</Filter>
    </ClInclude>
    <ClInclude Include="..\Include\System\UiSystem.h">
      <Filter>헤더 파일</Filter>
    </ClInclude>
    <ClInclude Include="..\Include\Core\ContentItem.h">
      <Filter>헤더 파일</Filter>
    </ClInclude>
    <ClInclude Include="..\Include\Component\AnimationComponent.h">
      <Filter>헤더 파일</Filter>
    </ClInclude>
    <ClInclude Include="..\Include\Component\ColliderComponent.h">
      <Filter>헤더 파일</Filter>
    </ClInclude>
    <ClInclude Include="..\Include\Component\MeshComponent.h">
      <Filter>헤더 파일</Filter>
    </ClInclude>
    <ClInclude Include="..\Include\Component\Model.h">
      <Filter>헤더 파일</Filter>
    </ClInclude>
    <ClInclude Include="..\Include\Effect\Effect.h">
      <Filter>헤더 파일</Filter>
    </ClInclude>
    <ClInclude Include="..\Include\ResourceManager\EffectManager\EffectManager.h">
      <Filter>헤더 파일</Filter>
    </ClInclude>
    <ClInclude Include="..\Include\Core\BaseWindowMsgHandlerComponent.h">
      <Filter>헤더 파일</Filter>
    </ClInclude>
    <ClInclude Include="..\Include\Core\MouseHandlerComponent.h">
      <Filter>헤더 파일</Filter>
    </ClInclude>
    <ClInclude Include="..\Include\Asset\Animation\BoneAnimationClip.h">
      <Filter>헤더 파일</Filter>
    </ClInclude>
    <ClInclude Include="..\Include\Asset\Animation\Bone.h">
      <Filter>헤더 파일</Filter>
    </ClInclude>
    <ClInclude Include="..\Include\Asset\Texture\Texture.h">
      <Filter>헤더 파일</Filter>
    </ClInclude>
    <ClInclude Include="GameEntity.h">
      <Filter>헤더 파일</Filter>
    </ClInclude>
    <ClInclude Include="..\Include\Core\IAxisCallbackTable.h">
      <Filter>헤더 파일</Filter>
    </ClInclude>
    <ClInclude Include="..\Include\Core\ICallbackTable.h">
      <Filter>헤더 파일</Filter>
    </ClInclude>
    <ClInclude Include="..\Include\Core\InputSystem.h">
      <Filter>헤더 파일</Filter>
    </ClInclude>
    <ClInclude Include="..\Include\Component.h">
      <Filter>헤더 파일</Filter>
    </ClInclude>
    <ClInclude Include="..\Include\Core\MoveComponent.h">
      <Filter>헤더 파일</Filter>
    </ClInclude>
    <ClInclude Include="..\Include\Core\InputType.h">
      <Filter>헤더 파일</Filter>
    </ClInclude>
    <ClInclude Include="..\Include\Core\InputSystemImpl.h">
      <Filter>헤더 파일</Filter>
    </ClInclude>
    <ClInclude Include="..\Include\Core\StaticCallbackHelpr.h">
      <Filter>헤더 파일</Filter>
    </ClInclude>
    <ClInclude Include="..\Include\Core\InputSystemType.h">
      <Filter>헤더 파일</Filter>
    </ClInclude>
    <ClInclude Include="..\Include\Core\KeyInputHandlerComponent.h">
      <Filter>헤더 파일</Filter>
    </ClInclude>
    <ClInclude Include="..\Include\Core\LookComponent.h">
      <Filter>헤더 파일</Filter>
    </ClInclude>
    <ClInclude Include="..\Include\Core\DefaultMoveFrustumCamera.h">
      <Filter>헤더 파일</Filter>
    </ClInclude>
    <ClInclude Include="..\Include\Core\ISpacePartitioningStructureFactoryImpl.h">
      <Filter>헤더 파일</Filter>
    </ClInclude>
    <ClInclude Include="..\Include\Predeclare.h">
      <Filter>헤더 파일</Filter>
    </ClInclude>
    <ClInclude Include="..\Include\Core\ICollisionWorldFactoryImpl.h">
      <Filter>헤더 파일</Filter>
    </ClInclude>
    <ClInclude Include="..\Include\Core\CollisionWorldFactory.h">
      <Filter>헤더 파일</Filter>
    </ClInclude>
    <ClInclude Include="..\Include\Core\AnimationUpdateSystem.h">
      <Filter>헤더 파일</Filter>
    </ClInclude>
    <ClInclude Include="..\Include\Core\ComponentUpdateSystem.h">
      <Filter>헤더 파일</Filter>
    </ClInclude>
    <ClInclude Include="..\Include\Core\BoneAnimSRT.h">
      <Filter>헤더 파일</Filter>
    </ClInclude>
    <ClInclude Include="..\Include\Core\BoneFactory.h">
      <Filter>헤더 파일</Filter>
    </ClInclude>
    <ClInclude Include="..\Include\Core\ICameraEventComponent.h">
      <Filter>헤더 파일</Filter>
    </ClInclude>
    <ClInclude Include="..\Include\Core\CameraEventComponentFactory.h">
      <Filter>헤더 파일</Filter>
    </ClInclude>
    <ClInclude Include="..\Include\Core\CameraFixWindowResizeEventComponent.h">
      <Filter>헤더 파일</Filter>
    </ClInclude>
    <ClInclude Include="..\Include\Core\CurveFactory.h">
      <Filter>헤더 파일</Filter>
    </ClInclude>
    <ClInclude Include="..\Include\Core\HermiteCurve.h">
      <Filter>헤더 파일</Filter>
    </ClInclude>
    <ClInclude Include="..\Include\Core\BezierCurve.h">
      <Filter>헤더 파일</Filter>
    </ClInclude>
    <ClInclude Include="..\Include\Core\Curve.h">
      <Filter>헤더 파일</Filter>
    </ClInclude>
    <ClInclude Include="..\Include\Object\Line\Spline.h">
      <Filter>헤더 파일</Filter>
    </ClInclude>
    <ClInclude Include="..\Include\Component\UiColliderComponent.h">
      <Filter>헤더 파일</Filter>
    </ClInclude>
    <ClInclude Include="..\Include\Collision\RectCollider.h">
      <Filter>헤더 파일</Filter>
    </ClInclude>
    <ClInclude Include="..\Include\Collision\UiCollider.h">
      <Filter>헤더 파일</Filter>
    </ClInclude>
    <ClInclude Include="..\Include\Collision\UiCollisionWorld.h">
      <Filter>헤더 파일</Filter>
    </ClInclude>
    <ClInclude Include="..\Include\Collision\SplineCollider.h">
      <Filter>헤더 파일</Filter>
    </ClInclude>
    <ClInclude Include="..\Include\Core\RegisterAnimStateTransitionCallbackClassManager.h">
      <Filter>헤더 파일</Filter>
    </ClInclude>
    <ClInclude Include="..\Include\Core\RegisterAnimStateTransitionCallbackClass.h">
      <Filter>헤더 파일</Filter>
    </ClInclude>
  </ItemGroup>
  <ItemGroup>
    <ClCompile Include="WindowActiveEvent.cpp">
      <Filter>소스 파일</Filter>
    </ClCompile>
    <ClCompile Include="WICTextureLoader12.cpp">
      <Filter>소스 파일</Filter>
    </ClCompile>
    <ClCompile Include="VectorSpace.cpp">
      <Filter>소스 파일</Filter>
    </ClCompile>
    <ClCompile Include="UiSystem.cpp">
      <Filter>소스 파일</Filter>
    </ClCompile>
    <ClCompile Include="Transform.cpp">
      <Filter>소스 파일</Filter>
    </ClCompile>
    <ClCompile Include="TextureSmartPointer.cpp">
      <Filter>소스 파일</Filter>
    </ClCompile>
    <ClCompile Include="TextureManager.cpp">
      <Filter>소스 파일</Filter>
    </ClCompile>
    <ClCompile Include="TextureLoader.cpp">
      <Filter>소스 파일</Filter>
    </ClCompile>
    <ClCompile Include="TextureFactory.cpp">
      <Filter>소스 파일</Filter>
    </ClCompile>
    <ClCompile Include="Texture.cpp">
      <Filter>소스 파일</Filter>
    </ClCompile>
    <ClCompile Include="TextFactory.cpp">
      <Filter>소스 파일</Filter>
    </ClCompile>
    <ClCompile Include="TextCursorEntity.cpp">
      <Filter>소스 파일</Filter>
    </ClCompile>
    <ClCompile Include="TextCharacterPanelEntity.cpp">
      <Filter>소스 파일</Filter>
    </ClCompile>
    <ClCompile Include="TextCharacterEntity.cpp">
      <Filter>소스 파일</Filter>
    </ClCompile>
    <ClCompile Include="TextBox.cpp">
      <Filter>소스 파일</Filter>
    </ClCompile>
    <ClCompile Include="SystemState.cpp">
      <Filter>소스 파일</Filter>
    </ClCompile>
    <ClCompile Include="System.cpp">
      <Filter>소스 파일</Filter>
    </ClCompile>
    <ClCompile Include="StaticMesh.cpp">
      <Filter>소스 파일</Filter>
    </ClCompile>
    <ClCompile Include="StateComponent.cpp">
      <Filter>소스 파일</Filter>
    </ClCompile>
    <ClCompile Include="SphereCollider.cpp">
      <Filter>소스 파일</Filter>
    </ClCompile>
    <ClCompile Include="SpacePartitioningStructureFactory.cpp">
      <Filter>소스 파일</Filter>
    </ClCompile>
    <ClCompile Include="SpacePartitioningStructure.cpp">
      <Filter>소스 파일</Filter>
    </ClCompile>
    <ClCompile Include="SkinningMesh.cpp">
      <Filter>소스 파일</Filter>
    </ClCompile>
    <ClCompile Include="SkeletonManager.cpp">
      <Filter>소스 파일</Filter>
    </ClCompile>
    <ClCompile Include="Skeleton.cpp">
      <Filter>소스 파일</Filter>
    </ClCompile>
    <ClCompile Include="SceneGraph.cpp">
      <Filter>소스 파일</Filter>
    </ClCompile>
    <ClCompile Include="SceneElement.cpp">
      <Filter>소스 파일</Filter>
    </ClCompile>
    <ClCompile Include="RuntimeObjectManager.cpp">
      <Filter>소스 파일</Filter>
    </ClCompile>
    <ClCompile Include="RuntimeObjectFactory.cpp">
      <Filter>소스 파일</Filter>
    </ClCompile>
    <ClCompile Include="RuntimeGameObjectManager.cpp">
      <Filter>소스 파일</Filter>
    </ClCompile>
    <ClCompile Include="ResourceStorer.cpp">
      <Filter>소스 파일</Filter>
    </ClCompile>
    <ClCompile Include="ResourceLoader.cpp">
      <Filter>소스 파일</Filter>
    </ClCompile>
    <ClCompile Include="ResourceController.cpp">
      <Filter>소스 파일</Filter>
    </ClCompile>
    <ClCompile Include="RenderTargetTexture.cpp">
      <Filter>소스 파일</Filter>
    </ClCompile>
    <ClCompile Include="RenderSystem.cpp">
      <Filter>소스 파일</Filter>
    </ClCompile>
    <ClCompile Include="RenderPassSystem.cpp">
      <Filter>소스 파일</Filter>
    </ClCompile>
    <ClCompile Include="RegisterObjectHelper.cpp">
      <Filter>소스 파일</Filter>
    </ClCompile>
    <ClCompile Include="Ray.cpp">
      <Filter>소스 파일</Filter>
    </ClCompile>
    <ClCompile Include="PointLightCollider.cpp">
      <Filter>소스 파일</Filter>
    </ClCompile>
    <ClCompile Include="pch.cpp">
      <Filter>소스 파일</Filter>
    </ClCompile>
    <ClCompile Include="OrthogoanlCamera.cpp">
      <Filter>소스 파일</Filter>
    </ClCompile>
    <ClCompile Include="OrientedCollider.cpp">
      <Filter>소스 파일</Filter>
    </ClCompile>
    <ClCompile Include="ObjectSmartPointer.cpp">
      <Filter>소스 파일</Filter>
    </ClCompile>
    <ClCompile Include="ObjectManager.cpp">
      <Filter>소스 파일</Filter>
    </ClCompile>
    <ClCompile Include="ObjectFactory.cpp">
      <Filter>소스 파일</Filter>
    </ClCompile>
    <ClCompile Include="ObjectBinnedAllocator.cpp">
      <Filter>소스 파일</Filter>
    </ClCompile>
    <ClCompile Include="Object.cpp">
      <Filter>소스 파일</Filter>
    </ClCompile>
    <ClCompile Include="MouseClickSelectEvent.cpp">
      <Filter>소스 파일</Filter>
    </ClCompile>
    <ClCompile Include="ModelMaterial.cpp">
      <Filter>소스 파일</Filter>
    </ClCompile>
    <ClCompile Include="MeshSmartPointer.cpp">
      <Filter>소스 파일</Filter>
    </ClCompile>
    <ClCompile Include="MeshManager.cpp">
      <Filter>소스 파일</Filter>
    </ClCompile>
    <ClCompile Include="MeshComponent.cpp">
      <Filter>소스 파일</Filter>
    </ClCompile>
    <ClCompile Include="Mesh.cpp">
      <Filter>소스 파일</Filter>
    </ClCompile>
    <ClCompile Include="MaterialSmartPointer.cpp">
      <Filter>소스 파일</Filter>
    </ClCompile>
    <ClCompile Include="MaterialManager.cpp">
      <Filter>소스 파일</Filter>
    </ClCompile>
    <ClCompile Include="Material.cpp">
      <Filter>소스 파일</Filter>
    </ClCompile>
    <ClCompile Include="MapMetaData.cpp">
      <Filter>소스 파일</Filter>
    </ClCompile>
    <ClCompile Include="MapManager.cpp">
      <Filter>소스 파일</Filter>
    </ClCompile>
    <ClCompile Include="MapController.cpp">
      <Filter>소스 파일</Filter>
    </ClCompile>
    <ClCompile Include="Map.cpp">
      <Filter>소스 파일</Filter>
    </ClCompile>
    <ClCompile Include="LineFactory.cpp">
      <Filter>소스 파일</Filter>
    </ClCompile>
    <ClCompile Include="LineBaseMaterial.cpp">
      <Filter>소스 파일</Filter>
    </ClCompile>
    <ClCompile Include="LineBase.cpp">
      <Filter>소스 파일</Filter>
    </ClCompile>
    <ClCompile Include="Line.cpp">
      <Filter>소스 파일</Filter>
    </ClCompile>
    <ClCompile Include="Light.cpp">
      <Filter>소스 파일</Filter>
    </ClCompile>
    <ClCompile Include="KeyBoard.cpp">
      <Filter>소스 파일</Filter>
    </ClCompile>
    <ClCompile Include="IProgramDirector.cpp">
      <Filter>소스 파일</Filter>
    </ClCompile>
    <ClCompile Include="Grid.cpp">
      <Filter>소스 파일</Filter>
    </ClCompile>
    <ClCompile Include="GraphicCommand.cpp">
      <Filter>소스 파일</Filter>
    </ClCompile>
    <ClCompile Include="GameTimer.cpp">
      <Filter>소스 파일</Filter>
    </ClCompile>
    <ClCompile Include="GameMapSystem.cpp">
      <Filter>소스 파일</Filter>
    </ClCompile>
    <ClCompile Include="FrustumCollider.cpp">
      <Filter>소스 파일</Filter>
    </ClCompile>
    <ClCompile Include="FrustumCamera.cpp">
      <Filter>소스 파일</Filter>
    </ClCompile>
    <ClCompile Include="EventTable.cpp">
      <Filter>소스 파일</Filter>
    </ClCompile>
    <ClCompile Include="EventDispatcher.cpp">
      <Filter>소스 파일</Filter>
    </ClCompile>
    <ClCompile Include="Event.cpp">
      <Filter>소스 파일</Filter>
    </ClCompile>
    <ClCompile Include="Entity.cpp">
      <Filter>소스 파일</Filter>
    </ClCompile>
    <ClCompile Include="EditGameObjectManager.cpp">
      <Filter>소스 파일</Filter>
    </ClCompile>
    <ClCompile Include="dllmain.cpp">
      <Filter>소스 파일</Filter>
    </ClCompile>
    <ClCompile Include="DDSTextureLoader12.cpp">
      <Filter>소스 파일</Filter>
    </ClCompile>
    <ClCompile Include="Controller.cpp">
      <Filter>소스 파일</Filter>
    </ClCompile>
    <ClCompile Include="ContentItem.cpp">
      <Filter>소스 파일</Filter>
    </ClCompile>
    <ClCompile Include="ComponentIDGenerator.cpp">
      <Filter>소스 파일</Filter>
    </ClCompile>
    <ClCompile Include="CollisionWorld.cpp">
      <Filter>소스 파일</Filter>
    </ClCompile>
    <ClCompile Include="CollisionHelper.cpp">
      <Filter>소스 파일</Filter>
    </ClCompile>
    <ClCompile Include="ColliderGenerator.cpp">
      <Filter>소스 파일</Filter>
    </ClCompile>
    <ClCompile Include="ColliderComponent.cpp">
      <Filter>소스 파일</Filter>
    </ClCompile>
    <ClCompile Include="Collider.cpp">
      <Filter>소스 파일</Filter>
    </ClCompile>
    <ClCompile Include="CameraHelper.cpp">
      <Filter>소스 파일</Filter>
    </ClCompile>
    <ClCompile Include="CameraFrustumCollider.cpp">
      <Filter>소스 파일</Filter>
    </ClCompile>
    <ClCompile Include="CameraBoxCollider.cpp">
      <Filter>소스 파일</Filter>
    </ClCompile>
    <ClCompile Include="Camera.cpp">
      <Filter>소스 파일</Filter>
    </ClCompile>
    <ClCompile Include="BoxCollider.cpp">
      <Filter>소스 파일</Filter>
    </ClCompile>
    <ClCompile Include="BaseWindowController.cpp">
      <Filter>소스 파일</Filter>
    </ClCompile>
    <ClCompile Include="BaseWindow.cpp">
      <Filter>소스 파일</Filter>
    </ClCompile>
    <ClCompile Include="BaseObjectManager.cpp">
      <Filter>소스 파일</Filter>
    </ClCompile>
    <ClCompile Include="BaseComponent.cpp">
      <Filter>소스 파일</Filter>
    </ClCompile>
    <ClCompile Include="Asset.cpp">
      <Filter>소스 파일</Filter>
    </ClCompile>
    <ClCompile Include="Application.cpp">
      <Filter>소스 파일</Filter>
    </ClCompile>
    <ClCompile Include="AnimationKeyFrame.cpp">
      <Filter>소스 파일</Filter>
    </ClCompile>
    <ClCompile Include="AnimationComponent.cpp">
      <Filter>소스 파일</Filter>
    </ClCompile>
    <ClCompile Include="AnimationClipSplitter.cpp">
      <Filter>소스 파일</Filter>
    </ClCompile>
    <ClCompile Include="AnimationClipManager.cpp">
      <Filter>소스 파일</Filter>
    </ClCompile>
    <ClCompile Include="AnimationClip.cpp">
      <Filter>소스 파일</Filter>
    </ClCompile>
    <ClCompile Include="Font.cpp">
      <Filter>소스 파일</Filter>
    </ClCompile>
    <ClCompile Include="KeyEvent.cpp">
      <Filter>소스 파일</Filter>
    </ClCompile>
    <ClCompile Include="MaterialGenerator.cpp">
      <Filter>소스 파일</Filter>
    </ClCompile>
    <ClCompile Include="BaseObjectFactory.cpp">
      <Filter>소스 파일</Filter>
    </ClCompile>
    <ClCompile Include="Bone.cpp">
      <Filter>소스 파일</Filter>
    </ClCompile>
    <ClCompile Include="BoneAnimationClip.cpp">
      <Filter>소스 파일</Filter>
    </ClCompile>
    <ClCompile Include="ConstantBufferManager.cpp">
      <Filter>소스 파일</Filter>
    </ClCompile>
    <ClCompile Include="DeleteTextureEvent.cpp">
      <Filter>소스 파일</Filter>
    </ClCompile>
    <ClCompile Include="EffectLoader.cpp">
      <Filter>소스 파일</Filter>
    </ClCompile>
    <ClCompile Include="EffectUtility.cpp">
      <Filter>소스 파일</Filter>
    </ClCompile>
    <ClCompile Include="GraphicPipeLine.cpp">
      <Filter>소스 파일</Filter>
    </ClCompile>
    <ClCompile Include="InputLayoutTable.cpp">
      <Filter>소스 파일</Filter>
    </ClCompile>
    <ClCompile Include="InstancingTable.cpp">
      <Filter>소스 파일</Filter>
    </ClCompile>
    <ClCompile Include="ModelBaseComponent.cpp">
      <Filter>소스 파일</Filter>
    </ClCompile>
    <ClCompile Include="PanelUiEntity.cpp">
      <Filter>소스 파일</Filter>
    </ClCompile>
    <ClCompile Include="MouseEvent.cpp">
      <Filter>소스 파일</Filter>
    </ClCompile>
    <ClCompile Include="Mouse.cpp">
      <Filter>소스 파일</Filter>
    </ClCompile>
    <ClCompile Include="Model.cpp">
      <Filter>소스 파일</Filter>
    </ClCompile>
    <ClCompile Include="EffectManager.cpp">
      <Filter>소스 파일</Filter>
    </ClCompile>
    <ClCompile Include="Effect.cpp">
      <Filter>소스 파일</Filter>
    </ClCompile>
    <ClCompile Include="ShaderResource.cpp">
      <Filter>소스 파일</Filter>
    </ClCompile>
    <ClCompile Include="RenderPassTwo.cpp">
      <Filter>소스 파일</Filter>
    </ClCompile>
    <ClCompile Include="Shader.cpp">
      <Filter>소스 파일</Filter>
    </ClCompile>
    <ClCompile Include="StructuredBufferFactory.cpp">
      <Filter>소스 파일</Filter>
    </ClCompile>
    <ClCompile Include="UiEntity.cpp">
      <Filter>소스 파일</Filter>
    </ClCompile>
    <ClCompile Include="ShaderManager.cpp">
      <Filter>소스 파일</Filter>
    </ClCompile>
    <ClCompile Include="WindowResizeEvent.cpp">
      <Filter>소스 파일</Filter>
    </ClCompile>
    <ClCompile Include="SelectEvent.cpp">
      <Filter>소스 파일</Filter>
    </ClCompile>
    <ClCompile Include="ShaderResourceConstantBuffer.cpp">
      <Filter>소스 파일</Filter>
    </ClCompile>
    <ClCompile Include="ShaderResourceSampler.cpp">
      <Filter>소스 파일</Filter>
    </ClCompile>
    <ClCompile Include="ShaderResourceTexture.cpp">
      <Filter>소스 파일</Filter>
    </ClCompile>
    <ClCompile Include="MouseInOutEvent.cpp">
      <Filter>소스 파일</Filter>
    </ClCompile>
    <ClCompile Include="WindowRequestEvent.cpp">
      <Filter>소스 파일</Filter>
    </ClCompile>
    <ClCompile Include="BaseWindowMsgHandlerComponent.cpp">
      <Filter>소스 파일</Filter>
    </ClCompile>
    <ClCompile Include="MouseHandlerComponent.cpp">
      <Filter>소스 파일</Filter>
    </ClCompile>
    <ClCompile Include="GameEntity.cpp">
      <Filter>소스 파일</Filter>
    </ClCompile>
    <ClCompile Include="IAxisCallbackTable.cpp">
      <Filter>소스 파일</Filter>
    </ClCompile>
    <ClCompile Include="ICallbackTable.cpp">
      <Filter>소스 파일</Filter>
    </ClCompile>
    <ClCompile Include="InputSystem.cpp">
      <Filter>소스 파일</Filter>
    </ClCompile>
    <ClCompile Include="MoveComponent.cpp">
      <Filter>소스 파일</Filter>
    </ClCompile>
    <ClCompile Include="InputSystemImpl.cpp">
      <Filter>소스 파일</Filter>
    </ClCompile>
    <ClCompile Include="StaticCallbackHelpr.cpp">
      <Filter>소스 파일</Filter>
    </ClCompile>
    <ClCompile Include="KeyInputHandlerComponent.cpp">
      <Filter>소스 파일</Filter>
    </ClCompile>
    <ClCompile Include="LookComponent.cpp">
      <Filter>소스 파일</Filter>
    </ClCompile>
    <ClCompile Include="DefaultMoveFrustumCamera.cpp">
      <Filter>소스 파일</Filter>
    </ClCompile>
    <ClCompile Include="ISpacePartitioningStructureFactoryImpl.cpp">
      <Filter>소스 파일</Filter>
    </ClCompile>
    <ClCompile Include="CollisionWorldFactory.cpp">
      <Filter>소스 파일</Filter>
    </ClCompile>
    <ClCompile Include="ICollisionWorldFactoryImpl.cpp">
      <Filter>소스 파일</Filter>
    </ClCompile>
    <ClCompile Include="AnimationUpdateSystem.cpp">
      <Filter>소스 파일</Filter>
    </ClCompile>
    <ClCompile Include="ComponentUpdateSystem.cpp">
      <Filter>소스 파일</Filter>
    </ClCompile>
    <ClCompile Include="BoneFactory.cpp">
      <Filter>소스 파일</Filter>
    </ClCompile>
    <ClCompile Include="ICameraEventComponent.cpp">
      <Filter>소스 파일</Filter>
    </ClCompile>
    <ClCompile Include="CameraEventComponentFactory.cpp">
      <Filter>소스 파일</Filter>
    </ClCompile>
    <ClCompile Include="CameraFixWIndowResizeEventComponent.cpp">
      <Filter>소스 파일</Filter>
    </ClCompile>
    <ClCompile Include="Curve.cpp">
      <Filter>소스 파일</Filter>
    </ClCompile>
    <ClCompile Include="CurveFactory.cpp">
      <Filter>소스 파일</Filter>
    </ClCompile>
    <ClCompile Include="BezierCurve.cpp">
      <Filter>소스 파일</Filter>
    </ClCompile>
    <ClCompile Include="HermiteCurve.cpp">
      <Filter>소스 파일</Filter>
    </ClCompile>
    <ClCompile Include="Spline.cpp">
      <Filter>소스 파일</Filter>
    </ClCompile>
    <ClCompile Include="UiCollider.cpp">
      <Filter>소스 파일</Filter>
    </ClCompile>
    <ClCompile Include="RectCollider.cpp">
      <Filter>소스 파일</Filter>
    </ClCompile>
    <ClCompile Include="UiColliderComponent.cpp">
      <Filter>소스 파일</Filter>
    </ClCompile>
    <ClCompile Include="UiCollisionWorld.cpp">
      <Filter>소스 파일</Filter>
    </ClCompile>
    <ClCompile Include="SplineCollider.cpp">
      <Filter>소스 파일</Filter>
    </ClCompile>
    <ClCompile Include="RegisterAnimStateTransitionCallbackClass.cpp">
      <Filter>소스 파일</Filter>
    </ClCompile>
    <ClCompile Include="RegisterAnimStateTransitionCallbackClassManager.cpp">
      <Filter>소스 파일</Filter>
    </ClCompile>
  </ItemGroup>
</Project>